hash: 07e3dc5afb5aa185397bdab196aae83c13c18303280ccb6783d56bb70f149a5d
updated: 2019-07-11T15:18:08.100855+07:00
imports:
- name: github.com/dustin/go-humanize
  version: 9f541cc9db5d55bce703bd99987c9d5cb8eea45e
- name: github.com/go-playground/locales
  version: 630ebbb602847eba93e75ae38bbc7bb7abcf1ff3
  subpackages:
  - currency
- name: github.com/go-playground/universal-translator
  version: b32fa301c9fe55953584134cb6853a13c87ec0a1
- name: github.com/jinzhu/gorm
  version: 836fb2c19d84dac7b0272958dfb9af7cf0d0ade4
  subpackages:
  - dialects/sqlite
- name: github.com/jinzhu/inflection
  version: f5c5f50e6090ae76a29240b61ae2a90dd810112e
- name: github.com/labstack/echo
  version: 4256489c0e1ff50bdb71aedd1a21483fe2d67607
- name: github.com/labstack/gommon
  version: ab0bfd9a5eba33a8c364bf3390d809ed23c31f97
  subpackages:
  - color
  - log
- name: github.com/leodido/go-urn
  version: a67a23e1c1af3c66528573bb86a87246477277c1
- name: github.com/mattn/go-colorable
  version: 5411d3eea5978e6cdc258b30de592b60df6aba96
- name: github.com/mattn/go-isatty
  version: 57fdcb988a5c543893cc61bce354a6e24ab70022
- name: github.com/mattn/go-sqlite3
  version: c7c4067b79cc51e6dfdcef5c702e74b1e0fa7c75
- name: github.com/valyala/bytebufferpool
  version: e746df99fe4a3986f4d4f79e13c1e0117ce9c2f7
- name: github.com/valyala/fasttemplate
  version: dcecefd839c4193db0d35b88ec65b4c12d360ab0
- name: github.com/xeipuuv/gojsonpointer
  version: 4e3ac2762d5f479393488629ee9370b50873b3a6
- name: github.com/xeipuuv/gojsonreference
  version: bd5ef7bd5415a7ac448318e64f11a24cd21e594b
- name: github.com/xeipuuv/gojsonschema
  version: f971f3cd73b2899de6923801c147f075263e0c50
- name: golang.org/x/crypto
  version: e7ba82683099cae71475961448ab8f903ea77c26
  subpackages:
  - acme
  - acme/autocert
- name: golang.org/x/sys
  version: 47bdb838cce8879fca08207206a5dfde2f2538bc
  subpackages:
  - unix
- name: gopkg.in/go-playground/validator.v9
  version: 884d31b8cad6a1ec877f2400d555924cea03bbea
testImports: []
